# This file is automatically @generated by Cargo.
# It is not intended for manual editing.
version = 3

[[package]]
name = "adler32"
version = "1.0.3"
source = "registry+https://github.com/rust-lang/crates.io-index"
checksum = "7e522997b529f05601e05166c07ed17789691f562762c7f3b987263d2dedee5c"

[[package]]
name = "aho-corasick"
version = "0.6.10"
source = "registry+https://github.com/rust-lang/crates.io-index"
checksum = "81ce3d38065e618af2d7b77e10c5ad9a069859b4be3c2250f674af3840d9c8a5"
dependencies = [
 "memchr",
]

[[package]]
name = "aho-corasick"
version = "0.7.3"
source = "registry+https://github.com/rust-lang/crates.io-index"
checksum = "e6f484ae0c99fec2e858eb6134949117399f222608d84cadb3f58c1f97c2364c"
dependencies = [
 "memchr",
]

[[package]]
name = "ansi_term"
version = "0.11.0"
source = "registry+https://github.com/rust-lang/crates.io-index"
checksum = "ee49baf6cb617b853aa8d93bf420db2383fab46d314482ca2803b40d5fde979b"
dependencies = [
 "winapi 0.3.6",
]

[[package]]
name = "arrayvec"
version = "0.4.10"
source = "registry+https://github.com/rust-lang/crates.io-index"
checksum = "92c7fb76bc8826a8b33b4ee5bb07a247a81e76764ab4d55e8f73e3a4d8808c71"
dependencies = [
 "nodrop",
]

[[package]]
name = "atty"
version = "0.2.11"
source = "registry+https://github.com/rust-lang/crates.io-index"
checksum = "9a7d5b8723950951411ee34d271d99dddcc2035a16ab25310ea2c8cfd4369652"
dependencies = [
 "libc",
 "termion",
 "winapi 0.3.6",
]

[[package]]
name = "autocfg"
version = "0.1.2"
source = "registry+https://github.com/rust-lang/crates.io-index"
checksum = "a6d640bee2da49f60a4068a7fae53acde8982514ab7bae8b8cea9e88cbcfd799"

[[package]]
name = "backtrace"
version = "0.3.14"
source = "registry+https://github.com/rust-lang/crates.io-index"
checksum = "cd5a90e2b463010cd0e0ce9a11d4a9d5d58d9f41d4a6ba3dcaf9e68b466e88b4"
dependencies = [
 "autocfg",
 "backtrace-sys",
 "cfg-if",
 "libc",
 "rustc-demangle",
 "winapi 0.3.6",
]

[[package]]
name = "backtrace-sys"
version = "0.1.28"
source = "registry+https://github.com/rust-lang/crates.io-index"
checksum = "797c830ac25ccc92a7f8a7b9862bde440715531514594a6154e3d4a54dd769b6"
dependencies = [
 "cc",
 "libc",
]

[[package]]
name = "bitflags"
version = "1.0.4"
source = "registry+https://github.com/rust-lang/crates.io-index"
checksum = "228047a76f468627ca71776ecdebd732a3423081fcf5125585bcd7c49886ce12"

[[package]]
name = "build_const"
version = "0.2.1"
source = "registry+https://github.com/rust-lang/crates.io-index"
checksum = "39092a32794787acd8525ee150305ff051b0aa6cc2abaf193924f5ab05425f39"

[[package]]
name = "bumpalo"
version = "2.3.0"
source = "registry+https://github.com/rust-lang/crates.io-index"
checksum = "f6a6bc2ba935b1e2f810787ceba8dfe86cbc164cee55925cae715541186673c4"

[[package]]
name = "cargo"
version = "0.30.0"
source = "registry+https://github.com/rust-lang/crates.io-index"
checksum = "7fb33d5595dd6719062a5f128d13361d5e72727b11131ee7d1aedd75635772ce"
dependencies = [
 "atty",
 "clap",
 "core-foundation",
 "crates-io",
 "crossbeam-utils 0.5.0",
 "crypto-hash",
 "curl",
 "env_logger",
 "failure",
 "filetime",
 "flate2",
 "fs2",
 "git2",
 "git2-curl",
 "glob",
 "hex",
 "home",
 "ignore",
 "jobserver",
 "lazy_static 1.3.0",
 "lazycell",
 "libc",
 "libgit2-sys",
 "log",
 "miow",
 "num_cpus",
 "rustc-workspace-hack",
 "rustfix",
 "same-file",
 "semver",
 "serde",
 "serde_derive",
 "serde_ignored",
 "serde_json",
 "shell-escape",
 "tar",
 "tempfile 3.0.7",
 "termcolor",
 "toml",
 "unicode-width",
 "url",
 "winapi 0.3.6",
]

[[package]]
name = "cargo-generate"
version = "0.2.2"
source = "registry+https://github.com/rust-lang/crates.io-index"
checksum = "d7f55d1adcf6412dd65d007d9629b4a0c40f36e341d00eb5701626600f1a4bc8"
dependencies = [
 "cargo",
 "console 0.6.2",
 "dialoguer",
 "git2",
 "heck",
 "ignore",
 "indicatif",
 "liquid",
 "quicli",
 "regex 1.1.5",
 "remove_dir_all",
 "tempfile 3.0.7",
 "url",
 "walkdir",
]

[[package]]
name = "cc"
version = "1.0.34"
source = "registry+https://github.com/rust-lang/crates.io-index"
checksum = "30f813bf45048a18eda9190fd3c6b78644146056740c43172a5a3699118588fd"

[[package]]
name = "cfg-if"
version = "0.1.7"
source = "registry+https://github.com/rust-lang/crates.io-index"
checksum = "11d43355396e872eefb45ce6342e4374ed7bc2b3a502d1b28e36d6e23c05d1f4"

[[package]]
name = "chrono"
version = "0.4.6"
source = "registry+https://github.com/rust-lang/crates.io-index"
checksum = "45912881121cb26fad7c38c17ba7daa18764771836b34fab7d3fbd93ed633878"
dependencies = [
 "num-integer",
 "num-traits",
 "time",
]

[[package]]
name = "clap"
version = "2.32.0"
source = "registry+https://github.com/rust-lang/crates.io-index"
checksum = "b957d88f4b6a63b9d70d5f454ac8011819c6efa7727858f458ab71c756ce2d3e"
dependencies = [
 "ansi_term",
 "atty",
 "bitflags",
 "strsim",
 "textwrap",
 "unicode-width",
 "vec_map",
]

[[package]]
name = "clap-verbosity-flag"
version = "0.1.0"
source = "registry+https://github.com/rust-lang/crates.io-index"
checksum = "26de1a8b4a21f6b05c99680edd48a6fded30afcf7aa13f1fa7e5c79198f5bac7"
dependencies = [
 "env_logger",
 "failure",
 "log",
 "structopt",
]

[[package]]
name = "clicolors-control"
version = "0.2.0"
source = "registry+https://github.com/rust-lang/crates.io-index"
checksum = "1f84dec9bc083ce2503908cd305af98bd363da6f54bf8d4bf0ac14ee749ad5d1"
dependencies = [
 "kernel32-sys",
 "lazy_static 0.2.11",
 "libc",
 "winapi 0.3.6",
]

[[package]]
name = "clicolors-control"
version = "1.0.0"
source = "registry+https://github.com/rust-lang/crates.io-index"
checksum = "73abfd4c73d003a674ce5d2933fca6ce6c42480ea84a5ffe0a2dc39ed56300f9"
dependencies = [
 "atty",
 "lazy_static 1.3.0",
 "libc",
 "winapi 0.3.6",
]

[[package]]
name = "cloudabi"
version = "0.0.3"
source = "registry+https://github.com/rust-lang/crates.io-index"
checksum = "ddfc5b9aa5d4507acaf872de71051dfd0e309860e88966e1051e462a077aac4f"
dependencies = [
 "bitflags",
]

[[package]]
name = "commoncrypto"
version = "0.2.0"
source = "registry+https://github.com/rust-lang/crates.io-index"
checksum = "d056a8586ba25a1e4d61cb090900e495952c7886786fc55f909ab2f819b69007"
dependencies = [
 "commoncrypto-sys",
]

[[package]]
name = "commoncrypto-sys"
version = "0.2.0"
source = "registry+https://github.com/rust-lang/crates.io-index"
checksum = "1fed34f46747aa73dfaa578069fd8279d2818ade2b55f38f22a9401c7f4083e2"
dependencies = [
 "libc",
]

[[package]]
name = "console"
version = "0.6.2"
source = "registry+https://github.com/rust-lang/crates.io-index"
checksum = "ecd48adf136733979b49e15bc3b4c43cc0d3c85ece7bd08e6daa414c6fcb13e6"
dependencies = [
 "atty",
 "clicolors-control 0.2.0",
 "lazy_static 1.3.0",
 "libc",
 "parking_lot",
 "regex 1.1.5",
 "termios",
 "unicode-width",
 "winapi 0.3.6",
]

[[package]]
name = "console"
version = "0.7.5"
source = "registry+https://github.com/rust-lang/crates.io-index"
checksum = "2bf3720d3f3fc30b721ef1ae54e13af3264af4af39dc476a8de56a6ee1e2184b"
dependencies = [
 "atty",
 "clicolors-control 1.0.0",
 "encode_unicode",
 "lazy_static 1.3.0",
 "libc",
 "parking_lot",
 "regex 1.1.5",
 "termios",
 "unicode-width",
 "winapi 0.3.6",
]

[[package]]
name = "core-foundation"
version = "0.6.4"
source = "registry+https://github.com/rust-lang/crates.io-index"
checksum = "25b9e03f145fd4f2bf705e07b900cd41fc636598fe5dc452fd0db1441c3f496d"
dependencies = [
 "core-foundation-sys",
 "libc",
]

[[package]]
name = "core-foundation-sys"
version = "0.6.2"
source = "registry+https://github.com/rust-lang/crates.io-index"
checksum = "e7ca8a5221364ef15ce201e8ed2f609fc312682a8f4e0e3d4aa5879764e0fa3b"

[[package]]
name = "crates-io"
version = "0.18.0"
source = "registry+https://github.com/rust-lang/crates.io-index"
checksum = "7a64d1a15ebb6198116e0b3568a3c689f3dec00ce409426ec5dbb6a3bd11ad40"
dependencies = [
 "curl",
 "failure",
 "serde",
 "serde_derive",
 "serde_json",
 "url",
]

[[package]]
name = "crc"
version = "1.8.1"
source = "registry+https://github.com/rust-lang/crates.io-index"
checksum = "d663548de7f5cca343f1e0a48d14dcfb0e9eb4e079ec58883b7251539fa10aeb"
dependencies = [
 "build_const",
]

[[package]]
name = "crc32fast"
version = "1.2.0"
source = "registry+https://github.com/rust-lang/crates.io-index"
checksum = "ba125de2af0df55319f41944744ad91c71113bf74a4646efff39afe1f6842db1"
dependencies = [
 "cfg-if",
]

[[package]]
name = "crossbeam-channel"
version = "0.3.8"
source = "registry+https://github.com/rust-lang/crates.io-index"
checksum = "0f0ed1a4de2235cabda8558ff5840bffb97fcb64c97827f354a451307df5f72b"
dependencies = [
 "crossbeam-utils 0.6.5",
 "smallvec",
]

[[package]]
name = "crossbeam-deque"
version = "0.2.0"
source = "registry+https://github.com/rust-lang/crates.io-index"
checksum = "f739f8c5363aca78cfb059edf753d8f0d36908c348f3d8d1503f03d8b75d9cf3"
dependencies = [
 "crossbeam-epoch",
 "crossbeam-utils 0.2.2",
]

[[package]]
name = "crossbeam-epoch"
version = "0.3.1"
source = "registry+https://github.com/rust-lang/crates.io-index"
checksum = "927121f5407de9956180ff5e936fe3cf4324279280001cd56b669d28ee7e9150"
dependencies = [
 "arrayvec",
 "cfg-if",
 "crossbeam-utils 0.2.2",
 "lazy_static 1.3.0",
 "memoffset",
 "nodrop",
 "scopeguard",
]

[[package]]
name = "crossbeam-utils"
version = "0.2.2"
source = "registry+https://github.com/rust-lang/crates.io-index"
checksum = "2760899e32a1d58d5abb31129f8fae5de75220bc2176e77ff7c627ae45c918d9"
dependencies = [
 "cfg-if",
]

[[package]]
name = "crossbeam-utils"
version = "0.5.0"
source = "registry+https://github.com/rust-lang/crates.io-index"
checksum = "677d453a17e8bd2b913fa38e8b9cf04bcdbb5be790aa294f2389661d72036015"

[[package]]
name = "crossbeam-utils"
version = "0.6.5"
source = "registry+https://github.com/rust-lang/crates.io-index"
checksum = "f8306fcef4a7b563b76b7dd949ca48f52bc1141aa067d2ea09565f3e2652aa5c"
dependencies = [
 "cfg-if",
 "lazy_static 1.3.0",
]

[[package]]
name = "crypto-hash"
version = "0.3.3"
source = "registry+https://github.com/rust-lang/crates.io-index"
checksum = "20ff87d28defc77c9980a5b81cae1a33c791dd0ead8af0cee0833eb98c8305b9"
dependencies = [
 "commoncrypto",
 "hex",
 "openssl",
 "winapi 0.3.6",
]

[[package]]
name = "curl"
version = "0.4.20"
source = "registry+https://github.com/rust-lang/crates.io-index"
checksum = "bed4741d1d4e1fc1ba6786c1313057c609259785cde2c45e34602acc45fd6ccc"
dependencies = [
 "curl-sys",
 "kernel32-sys",
 "libc",
 "openssl-probe",
 "openssl-sys",
 "schannel",
 "socket2",
 "winapi 0.2.8",
]

[[package]]
name = "curl-sys"
version = "0.4.17"
source = "registry+https://github.com/rust-lang/crates.io-index"
checksum = "7b8d8e51964f58c8053337fcef48e1c4608c7ee70c6f2e457674a97dda5a5828"
dependencies = [
 "cc",
 "libc",
 "libz-sys",
 "openssl-sys",
 "pkg-config",
 "vcpkg",
 "winapi 0.3.6",
]

[[package]]
name = "dialoguer"
version = "0.1.0"
source = "registry+https://github.com/rust-lang/crates.io-index"
checksum = "ace6c8080a9c258d231914bfd0962a99883d5c26cc12b2b62d201d072f5aa683"
dependencies = [
 "console 0.7.5",
 "tempfile 2.2.0",
]

[[package]]
name = "either"
version = "1.5.2"
source = "registry+https://github.com/rust-lang/crates.io-index"
checksum = "5527cfe0d098f36e3f8839852688e63c8fff1c90b2b405aef730615f9a7bcf7b"

[[package]]
name = "encode_unicode"
version = "0.3.5"
source = "registry+https://github.com/rust-lang/crates.io-index"
checksum = "90b2c9496c001e8cb61827acdefad780795c42264c137744cae6f7d9e3450abd"

[[package]]
name = "env_logger"
version = "0.5.13"
source = "registry+https://github.com/rust-lang/crates.io-index"
checksum = "15b0a4d2e39f8420210be8b27eeda28029729e2fd4291019455016c348240c38"
dependencies = [
 "atty",
 "humantime",
 "log",
 "regex 1.1.5",
 "termcolor",
]

[[package]]
name = "failure"
version = "0.1.5"
source = "registry+https://github.com/rust-lang/crates.io-index"
checksum = "795bd83d3abeb9220f257e597aa0080a508b27533824adf336529648f6abf7e2"
dependencies = [
 "backtrace",
 "failure_derive",
]

[[package]]
name = "failure_derive"
version = "0.1.5"
source = "registry+https://github.com/rust-lang/crates.io-index"
checksum = "ea1063915fd7ef4309e222a5a07cf9c319fb9c7836b1f89b85458672dbb127e1"
dependencies = [
 "proc-macro2",
 "quote",
 "syn",
 "synstructure",
]

[[package]]
name = "filetime"
version = "0.2.4"
source = "registry+https://github.com/rust-lang/crates.io-index"
checksum = "a2df5c1a8c4be27e7707789dc42ae65976e60b394afd293d1419ab915833e646"
dependencies = [
 "cfg-if",
 "libc",
 "redox_syscall",
]

[[package]]
name = "flate2"
version = "1.0.7"
source = "registry+https://github.com/rust-lang/crates.io-index"
checksum = "f87e68aa82b2de08a6e037f1385455759df6e445a8df5e005b4297191dbf18aa"
dependencies = [
 "crc32fast",
 "libc",
 "miniz-sys",
 "miniz_oxide_c_api",
]

[[package]]
name = "fnv"
version = "1.0.6"
source = "registry+https://github.com/rust-lang/crates.io-index"
checksum = "2fad85553e09a6f881f739c29f0b00b0f01357c743266d478b68951ce23285f3"

[[package]]
name = "foreign-types"
version = "0.3.2"
source = "registry+https://github.com/rust-lang/crates.io-index"
checksum = "f6f339eb8adc052cd2ca78910fda869aefa38d22d5cb648e6485e4d3fc06f3b1"
dependencies = [
 "foreign-types-shared",
]

[[package]]
name = "foreign-types-shared"
version = "0.1.1"
source = "registry+https://github.com/rust-lang/crates.io-index"
checksum = "00b0228411908ca8685dba7fc2cdd70ec9990a6e753e89b6ac91a84c40fbaf4b"

[[package]]
name = "fs2"
version = "0.4.3"
source = "registry+https://github.com/rust-lang/crates.io-index"
checksum = "9564fc758e15025b46aa6643b1b77d047d1a56a1aea6e01002ac0c7026876213"
dependencies = [
 "libc",
 "winapi 0.3.6",
]

[[package]]
name = "fuchsia-cprng"
version = "0.1.1"
source = "registry+https://github.com/rust-lang/crates.io-index"
checksum = "a06f77d526c1a601b7c4cdd98f54b5eaabffc14d5f2f0296febdc7f357c6d3ba"

[[package]]
name = "git2"
version = "0.7.5"
source = "registry+https://github.com/rust-lang/crates.io-index"
checksum = "591f8be1674b421644b6c030969520bc3fa12114d2eb467471982ed3e9584e71"
dependencies = [
 "bitflags",
 "libc",
 "libgit2-sys",
 "log",
 "openssl-probe",
 "openssl-sys",
 "url",
]

[[package]]
name = "git2-curl"
version = "0.8.2"
source = "registry+https://github.com/rust-lang/crates.io-index"
checksum = "0173e317f8ba21f3fff0f71549fead5e42e67961dbd402bf69f42775f3cc78b4"
dependencies = [
 "curl",
 "git2",
 "log",
 "url",
]

[[package]]
name = "glob"
version = "0.2.11"
source = "registry+https://github.com/rust-lang/crates.io-index"
checksum = "8be18de09a56b60ed0edf84bc9df007e30040691af7acd1c41874faac5895bfb"

[[package]]
name = "globset"
version = "0.4.2"
source = "registry+https://github.com/rust-lang/crates.io-index"
checksum = "4743617a7464bbda3c8aec8558ff2f9429047e025771037df561d383337ff865"
dependencies = [
 "aho-corasick 0.6.10",
 "fnv",
 "log",
 "memchr",
 "regex 1.1.5",
]

[[package]]
name = "heck"
version = "0.3.1"
source = "registry+https://github.com/rust-lang/crates.io-index"
checksum = "20564e78d53d2bb135c343b3f47714a56af2061f1c928fdb541dc7b9fdd94205"
dependencies = [
 "unicode-segmentation",
]

[[package]]
name = "hex"
version = "0.3.2"
source = "registry+https://github.com/rust-lang/crates.io-index"
checksum = "805026a5d0141ffc30abb3be3173848ad46a1b1664fe632428479619a3644d77"

[[package]]
name = "home"
version = "0.3.4"
source = "registry+https://github.com/rust-lang/crates.io-index"
checksum = "29302b90cfa76231a757a887d1e3153331a63c7f80b6c75f86366334cbe70708"
dependencies = [
 "scopeguard",
 "winapi 0.3.6",
]

[[package]]
name = "humantime"
version = "1.2.0"
source = "registry+https://github.com/rust-lang/crates.io-index"
checksum = "3ca7e5f2e110db35f93b837c81797f3714500b81d517bf20c431b16d3ca4f114"
dependencies = [
 "quick-error",
]

[[package]]
name = "idna"
version = "0.1.5"
source = "registry+https://github.com/rust-lang/crates.io-index"
checksum = "38f09e0f0b1fb55fdee1f17470ad800da77af5186a1a76c026b679358b7e844e"
dependencies = [
 "matches",
 "unicode-bidi",
 "unicode-normalization",
]

[[package]]
name = "ignore"
version = "0.4.6"
source = "registry+https://github.com/rust-lang/crates.io-index"
checksum = "ad03ca67dc12474ecd91fdb94d758cbd20cb4e7a78ebe831df26a9b7511e1162"
dependencies = [
 "crossbeam-channel",
 "globset",
 "lazy_static 1.3.0",
 "log",
 "memchr",
 "regex 1.1.5",
 "same-file",
 "thread_local",
 "walkdir",
 "winapi-util",
]

[[package]]
name = "indicatif"
version = "0.9.0"
source = "registry+https://github.com/rust-lang/crates.io-index"
checksum = "a29b2fa6f00010c268bface64c18bb0310aaa70d46a195d5382d288c477fb016"
dependencies = [
 "console 0.7.5",
 "lazy_static 0.2.11",
 "parking_lot",
 "regex 0.2.11",
]

[[package]]
name = "itertools"
version = "0.7.11"
source = "registry+https://github.com/rust-lang/crates.io-index"
checksum = "0d47946d458e94a1b7bcabbf6521ea7c037062c81f534615abcad76e84d4970d"
dependencies = [
 "either",
]

[[package]]
name = "itoa"
version = "0.4.3"
source = "registry+https://github.com/rust-lang/crates.io-index"
checksum = "1306f3464951f30e30d12373d31c79fbd52d236e5e896fd92f96ec7babbbe60b"

[[package]]
name = "jobserver"
version = "0.1.13"
source = "registry+https://github.com/rust-lang/crates.io-index"
checksum = "b3d51e24009d966c8285d524dbaf6d60926636b2a89caee9ce0bd612494ddc16"
dependencies = [
 "libc",
 "log",
 "rand 0.6.5",
]

[[package]]
name = "kernel32-sys"
version = "0.2.2"
source = "registry+https://github.com/rust-lang/crates.io-index"
checksum = "7507624b29483431c0ba2d82aece8ca6cdba9382bff4ddd0f7490560c056098d"
dependencies = [
 "winapi 0.2.8",
 "winapi-build",
]

[[package]]
name = "lazy_static"
version = "0.2.11"
source = "registry+https://github.com/rust-lang/crates.io-index"
checksum = "76f033c7ad61445c5b347c7382dd1237847eb1bce590fe50365dcb33d546be73"

[[package]]
name = "lazy_static"
version = "1.3.0"
source = "registry+https://github.com/rust-lang/crates.io-index"
checksum = "bc5729f27f159ddd61f4df6228e827e86643d4d3e7c32183cb30a1c08f604a14"

[[package]]
name = "lazycell"
version = "1.2.1"
source = "registry+https://github.com/rust-lang/crates.io-index"
checksum = "b294d6fa9ee409a054354afc4352b0b9ef7ca222c69b8812cbea9e7d2bf3783f"

[[package]]
name = "libc"
version = "0.2.51"
source = "registry+https://github.com/rust-lang/crates.io-index"
checksum = "bedcc7a809076656486ffe045abeeac163da1b558e963a31e29fbfbeba916917"

[[package]]
name = "libgit2-sys"
version = "0.7.11"
source = "registry+https://github.com/rust-lang/crates.io-index"
checksum = "48441cb35dc255da8ae72825689a95368bf510659ae1ad55dc4aa88cb1789bf1"
dependencies = [
 "cc",
 "curl-sys",
 "libc",
 "libssh2-sys",
 "libz-sys",
 "openssl-sys",
 "pkg-config",
]

[[package]]
name = "libssh2-sys"
version = "0.2.11"
source = "registry+https://github.com/rust-lang/crates.io-index"
checksum = "126a1f4078368b163bfdee65fbab072af08a1b374a5551b21e87ade27b1fbf9d"
dependencies = [
 "cc",
 "libc",
 "libz-sys",
 "openssl-sys",
 "pkg-config",
 "vcpkg",
]

[[package]]
name = "libz-sys"
version = "1.0.25"
source = "registry+https://github.com/rust-lang/crates.io-index"
checksum = "2eb5e43362e38e2bca2fd5f5134c4d4564a23a5c28e9b95411652021a8675ebe"
dependencies = [
 "cc",
 "libc",
 "pkg-config",
 "vcpkg",
]

[[package]]
name = "liquid"
version = "0.15.0"
source = "registry+https://github.com/rust-lang/crates.io-index"
checksum = "bb5f767232a1ce59c275129292d70a8b1dd4a96e1a87b3b07edd0ac79f8c4a9a"
dependencies = [
 "chrono",
 "itertools",
 "lazy_static 1.3.0",
 "regex 1.1.5",
 "serde",
 "unicode-segmentation",
 "url",
]

[[package]]
name = "lock_api"
version = "0.1.5"
source = "registry+https://github.com/rust-lang/crates.io-index"
checksum = "62ebf1391f6acad60e5c8b43706dde4582df75c06698ab44511d15016bc2442c"
dependencies = [
 "owning_ref",
 "scopeguard",
]

[[package]]
name = "log"
version = "0.4.6"
source = "registry+https://github.com/rust-lang/crates.io-index"
checksum = "c84ec4b527950aa83a329754b01dbe3f58361d1c5efacd1f6d68c494d08a17c6"
dependencies = [
 "cfg-if",
]

[[package]]
name = "matches"
version = "0.1.8"
source = "registry+https://github.com/rust-lang/crates.io-index"
checksum = "7ffc5c5338469d4d3ea17d269fa8ea3512ad247247c30bd2df69e68309ed0a08"

[[package]]
name = "memchr"
version = "2.2.0"
source = "registry+https://github.com/rust-lang/crates.io-index"
checksum = "2efc7bc57c883d4a4d6e3246905283d8dae951bb3bd32f49d6ef297f546e1c39"

[[package]]
name = "memoffset"
version = "0.2.1"
source = "registry+https://github.com/rust-lang/crates.io-index"
checksum = "0f9dc261e2b62d7a622bf416ea3c5245cdd5d9a7fcc428c0d06804dfce1775b3"

[[package]]
name = "miniz-sys"
version = "0.1.11"
source = "registry+https://github.com/rust-lang/crates.io-index"
checksum = "0300eafb20369952951699b68243ab4334f4b10a88f411c221d444b36c40e649"
dependencies = [
 "cc",
 "libc",
]

[[package]]
name = "miniz_oxide"
version = "0.2.1"
source = "registry+https://github.com/rust-lang/crates.io-index"
checksum = "c468f2369f07d651a5d0bb2c9079f8488a66d5466efe42d0c5c6466edcb7f71e"
dependencies = [
 "adler32",
]

[[package]]
name = "miniz_oxide_c_api"
version = "0.2.1"
source = "registry+https://github.com/rust-lang/crates.io-index"
checksum = "b7fe927a42e3807ef71defb191dc87d4e24479b221e67015fe38ae2b7b447bab"
dependencies = [
 "cc",
 "crc",
 "libc",
 "miniz_oxide",
]

[[package]]
name = "miow"
version = "0.3.7"
source = "registry+https://github.com/rust-lang/crates.io-index"
checksum = "b9f1c5b025cda876f66ef43a113f91ebc9f4ccef34843000e0adf6ebbab84e21"
dependencies = [
 "winapi 0.3.6",
]

[[package]]
name = "nodrop"
version = "0.1.13"
source = "registry+https://github.com/rust-lang/crates.io-index"
checksum = "2f9667ddcc6cc8a43afc9b7917599d7216aa09c463919ea32c59ed6cac8bc945"

[[package]]
name = "num-integer"
version = "0.1.39"
source = "registry+https://github.com/rust-lang/crates.io-index"
checksum = "e83d528d2677f0518c570baf2b7abdcf0cd2d248860b68507bdcb3e91d4c0cea"
dependencies = [
 "num-traits",
]

[[package]]
name = "num-traits"
version = "0.2.6"
source = "registry+https://github.com/rust-lang/crates.io-index"
checksum = "0b3a5d7cc97d6d30d8b9bc8fa19bf45349ffe46241e8816f50f62f6d6aaabee1"

[[package]]
name = "num_cpus"
version = "1.10.0"
source = "registry+https://github.com/rust-lang/crates.io-index"
checksum = "1a23f0ed30a54abaa0c7e83b1d2d87ada7c3c23078d1d87815af3e3b6385fbba"
dependencies = [
 "libc",
]

[[package]]
name = "openssl"
version = "0.10.20"
source = "registry+https://github.com/rust-lang/crates.io-index"
checksum = "5a0d6b781aac4ac1bd6cafe2a2f0ad8c16ae8e1dd5184822a16c50139f8838d9"
dependencies = [
 "bitflags",
 "cfg-if",
 "foreign-types",
 "lazy_static 1.3.0",
 "libc",
 "openssl-sys",
]

[[package]]
name = "openssl-probe"
version = "0.1.2"
source = "registry+https://github.com/rust-lang/crates.io-index"
checksum = "77af24da69f9d9341038eba93a073b1fdaaa1b788221b00a69bce9e762cb32de"

[[package]]
name = "openssl-sys"
version = "0.9.43"
source = "registry+https://github.com/rust-lang/crates.io-index"
checksum = "33c86834957dd5b915623e94f2f4ab2c70dd8f6b70679824155d5ae21dbd495d"
dependencies = [
 "cc",
 "libc",
 "pkg-config",
 "rustc_version",
 "vcpkg",
]

[[package]]
name = "owning_ref"
version = "0.4.0"
source = "registry+https://github.com/rust-lang/crates.io-index"
checksum = "49a4b8ea2179e6a2e27411d3bca09ca6dd630821cf6894c6c7c8467a8ee7ef13"
dependencies = [
 "stable_deref_trait",
]

[[package]]
name = "parking_lot"
version = "0.7.1"
source = "registry+https://github.com/rust-lang/crates.io-index"
checksum = "ab41b4aed082705d1056416ae4468b6ea99d52599ecf3169b00088d43113e337"
dependencies = [
 "lock_api",
 "parking_lot_core",
]

[[package]]
name = "parking_lot_core"
version = "0.4.0"
source = "registry+https://github.com/rust-lang/crates.io-index"
checksum = "94c8c7923936b28d546dfd14d4472eaf34c99b14e1c973a32b3e6d4eb04298c9"
dependencies = [
 "libc",
 "rand 0.6.5",
 "rustc_version",
 "smallvec",
 "winapi 0.3.6",
]

[[package]]
name = "percent-encoding"
version = "1.0.1"
source = "registry+https://github.com/rust-lang/crates.io-index"
checksum = "31010dd2e1ac33d5b46a5b413495239882813e0369f8ed8a5e266f173602f831"

[[package]]
name = "pkg-config"
version = "0.3.14"
source = "registry+https://github.com/rust-lang/crates.io-index"
checksum = "676e8eb2b1b4c9043511a9b7bea0915320d7e502b0a079fb03f9635a5252b18c"

[[package]]
name = "proc-macro2"
version = "0.4.27"
source = "registry+https://github.com/rust-lang/crates.io-index"
checksum = "4d317f9caece796be1980837fd5cb3dfec5613ebdb04ad0956deea83ce168915"
dependencies = [
 "unicode-xid",
]

[[package]]
name = "quick-error"
version = "1.2.2"
source = "registry+https://github.com/rust-lang/crates.io-index"
checksum = "9274b940887ce9addde99c4eee6b5c44cc494b182b97e73dc8ffdcb3397fd3f0"

[[package]]
name = "quicli"
version = "0.3.1"
source = "registry+https://github.com/rust-lang/crates.io-index"
checksum = "909d7470c956c23b9878e64defcd4ea58b6a768a99acec27fe291ab12975c8e6"
dependencies = [
 "clap-verbosity-flag",
 "env_logger",
 "failure",
 "failure_derive",
 "glob",
 "log",
 "rayon",
 "serde",
 "serde_derive",
 "structopt",
 "structopt-derive",
]

[[package]]
name = "quote"
version = "0.6.11"
source = "registry+https://github.com/rust-lang/crates.io-index"
checksum = "cdd8e04bd9c52e0342b406469d494fcb033be4bdbe5c606016defbb1681411e1"
dependencies = [
 "proc-macro2",
]

[[package]]
name = "rand"
version = "0.3.23"
source = "registry+https://github.com/rust-lang/crates.io-index"
checksum = "64ac302d8f83c0c1974bf758f6b041c6c8ada916fbb44a609158ca8b064cc76c"
dependencies = [
 "libc",
 "rand 0.4.6",
]

[[package]]
name = "rand"
version = "0.4.6"
source = "registry+https://github.com/rust-lang/crates.io-index"
checksum = "552840b97013b1a26992c11eac34bdd778e464601a4c2054b5f0bff7c6761293"
dependencies = [
 "fuchsia-cprng",
 "libc",
 "rand_core 0.3.1",
 "rdrand",
 "winapi 0.3.6",
]

[[package]]
name = "rand"
version = "0.6.5"
source = "registry+https://github.com/rust-lang/crates.io-index"
checksum = "6d71dacdc3c88c1fde3885a3be3fbab9f35724e6ce99467f7d9c5026132184ca"
dependencies = [
 "autocfg",
 "libc",
 "rand_chacha",
 "rand_core 0.4.0",
 "rand_hc",
 "rand_isaac",
 "rand_jitter",
 "rand_os",
 "rand_pcg",
 "rand_xorshift",
 "winapi 0.3.6",
]

[[package]]
name = "rand_chacha"
version = "0.1.1"
source = "registry+https://github.com/rust-lang/crates.io-index"
checksum = "556d3a1ca6600bfcbab7c7c91ccb085ac7fbbcd70e008a98742e7847f4f7bcef"
dependencies = [
 "autocfg",
 "rand_core 0.3.1",
]

[[package]]
name = "rand_core"
version = "0.3.1"
source = "registry+https://github.com/rust-lang/crates.io-index"
checksum = "7a6fdeb83b075e8266dcc8762c22776f6877a63111121f5f8c7411e5be7eed4b"
dependencies = [
 "rand_core 0.4.0",
]

[[package]]
name = "rand_core"
version = "0.4.0"
source = "registry+https://github.com/rust-lang/crates.io-index"
checksum = "d0e7a549d590831370895ab7ba4ea0c1b6b011d106b5ff2da6eee112615e6dc0"

[[package]]
name = "rand_hc"
version = "0.1.0"
source = "registry+https://github.com/rust-lang/crates.io-index"
checksum = "7b40677c7be09ae76218dc623efbf7b18e34bced3f38883af07bb75630a21bc4"
dependencies = [
 "rand_core 0.3.1",
]

[[package]]
name = "rand_isaac"
version = "0.1.1"
source = "registry+https://github.com/rust-lang/crates.io-index"
checksum = "ded997c9d5f13925be2a6fd7e66bf1872597f759fd9dd93513dd7e92e5a5ee08"
dependencies = [
 "rand_core 0.3.1",
]

[[package]]
name = "rand_jitter"
version = "0.1.3"
source = "registry+https://github.com/rust-lang/crates.io-index"
checksum = "7b9ea758282efe12823e0d952ddb269d2e1897227e464919a554f2a03ef1b832"
dependencies = [
 "libc",
 "rand_core 0.4.0",
 "winapi 0.3.6",
]

[[package]]
name = "rand_os"
version = "0.1.3"
source = "registry+https://github.com/rust-lang/crates.io-index"
checksum = "7b75f676a1e053fc562eafbb47838d67c84801e38fc1ba459e8f180deabd5071"
dependencies = [
 "cloudabi",
 "fuchsia-cprng",
 "libc",
 "rand_core 0.4.0",
 "rdrand",
 "winapi 0.3.6",
]

[[package]]
name = "rand_pcg"
version = "0.1.2"
source = "registry+https://github.com/rust-lang/crates.io-index"
checksum = "abf9b09b01790cfe0364f52bf32995ea3c39f4d2dd011eac241d2914146d0b44"
dependencies = [
 "autocfg",
 "rand_core 0.4.0",
]

[[package]]
name = "rand_xorshift"
version = "0.1.1"
source = "registry+https://github.com/rust-lang/crates.io-index"
checksum = "cbf7e9e623549b0e21f6e97cf8ecf247c1a8fd2e8a992ae265314300b2455d5c"
dependencies = [
 "rand_core 0.3.1",
]

[[package]]
name = "rayon"
version = "1.0.3"
source = "registry+https://github.com/rust-lang/crates.io-index"
checksum = "373814f27745b2686b350dd261bfd24576a6fb0e2c5919b3a2b6005f820b0473"
dependencies = [
 "crossbeam-deque",
 "either",
 "rayon-core",
]

[[package]]
name = "rayon-core"
version = "1.4.1"
source = "registry+https://github.com/rust-lang/crates.io-index"
checksum = "b055d1e92aba6877574d8fe604a63c8b5df60f60e5982bf7ccbb1338ea527356"
dependencies = [
 "crossbeam-deque",
 "lazy_static 1.3.0",
 "libc",
 "num_cpus",
]

[[package]]
name = "rdrand"
version = "0.4.0"
source = "registry+https://github.com/rust-lang/crates.io-index"
checksum = "678054eb77286b51581ba43620cc911abf02758c91f93f479767aed0f90458b2"
dependencies = [
 "rand_core 0.3.1",
]

[[package]]
name = "redox_syscall"
version = "0.1.52"
source = "registry+https://github.com/rust-lang/crates.io-index"
checksum = "d32b3053e5ced86e4bc0411fec997389532bf56b000e66cb4884eeeb41413d69"

[[package]]
name = "redox_termios"
version = "0.1.1"
source = "registry+https://github.com/rust-lang/crates.io-index"
checksum = "7e891cfe48e9100a70a3b6eb652fef28920c117d366339687bd5576160db0f76"
dependencies = [
 "redox_syscall",
]

[[package]]
name = "regex"
version = "0.2.11"
source = "registry+https://github.com/rust-lang/crates.io-index"
checksum = "9329abc99e39129fcceabd24cf5d85b4671ef7c29c50e972bc5afe32438ec384"
dependencies = [
 "aho-corasick 0.6.10",
 "memchr",
 "regex-syntax 0.5.6",
 "thread_local",
 "utf8-ranges",
]

[[package]]
name = "regex"
version = "1.1.5"
source = "registry+https://github.com/rust-lang/crates.io-index"
checksum = "559008764a17de49a3146b234641644ed37d118d1ef641a0bb573d146edc6ce0"
dependencies = [
 "aho-corasick 0.7.3",
 "memchr",
 "regex-syntax 0.6.6",
 "thread_local",
 "utf8-ranges",
]

[[package]]
name = "regex-syntax"
version = "0.5.6"
source = "registry+https://github.com/rust-lang/crates.io-index"
checksum = "7d707a4fa2637f2dca2ef9fd02225ec7661fe01a53623c1e6515b6916511f7a7"
dependencies = [
 "ucd-util",
]

[[package]]
name = "regex-syntax"
version = "0.6.6"
source = "registry+https://github.com/rust-lang/crates.io-index"
checksum = "dcfd8681eebe297b81d98498869d4aae052137651ad7b96822f09ceb690d0a96"
dependencies = [
 "ucd-util",
]

[[package]]
name = "remove_dir_all"
version = "0.5.1"
source = "registry+https://github.com/rust-lang/crates.io-index"
checksum = "3488ba1b9a2084d38645c4c08276a1752dcbf2c7130d74f1569681ad5d2799c5"
dependencies = [
 "winapi 0.3.6",
]

[[package]]
name = "rustc-demangle"
version = "0.1.13"
source = "registry+https://github.com/rust-lang/crates.io-index"
checksum = "adacaae16d02b6ec37fdc7acfcddf365978de76d1983d3ee22afc260e1ca9619"

[[package]]
name = "rustc-workspace-hack"
version = "1.0.0"
source = "registry+https://github.com/rust-lang/crates.io-index"
checksum = "fc71d2faa173b74b232dedc235e3ee1696581bb132fc116fa3626d6151a1a8fb"

[[package]]
name = "rustc_version"
version = "0.2.3"
source = "registry+https://github.com/rust-lang/crates.io-index"
checksum = "138e3e0acb6c9fb258b19b67cb8abd63c00679d2851805ea151465464fe9030a"
dependencies = [
 "semver",
]

[[package]]
name = "rustfix"
version = "0.4.5"
source = "registry+https://github.com/rust-lang/crates.io-index"
checksum = "b96ea6eeae40f488397ccc9e1c0da19d720b23c75972bc63eaa6852b84d161e2"
dependencies = [
 "failure",
 "log",
 "serde",
 "serde_derive",
 "serde_json",
]

[[package]]
name = "ryu"
version = "0.2.7"
source = "registry+https://github.com/rust-lang/crates.io-index"
checksum = "eb9e9b8cde282a9fe6a42dd4681319bfb63f121b8a8ee9439c6f4107e58a46f7"

[[package]]
name = "same-file"
version = "1.0.4"
source = "registry+https://github.com/rust-lang/crates.io-index"
checksum = "8f20c4be53a8a1ff4c1f1b2bd14570d2f634628709752f0702ecdd2b3f9a5267"
dependencies = [
 "winapi-util",
]

[[package]]
name = "schannel"
version = "0.1.15"
source = "registry+https://github.com/rust-lang/crates.io-index"
checksum = "f2f6abf258d99c3c1c5c2131d99d064e94b7b3dd5f416483057f308fea253339"
dependencies = [
 "lazy_static 1.3.0",
 "winapi 0.3.6",
]

[[package]]
name = "scopeguard"
version = "0.3.3"
source = "registry+https://github.com/rust-lang/crates.io-index"
checksum = "94258f53601af11e6a49f722422f6e3425c52b06245a5cf9bc09908b174f5e27"

[[package]]
name = "semver"
version = "0.9.0"
source = "registry+https://github.com/rust-lang/crates.io-index"
checksum = "1d7eb9ef2c18661902cc47e535f9bc51b78acd254da71d375c2f6720d9a40403"
dependencies = [
 "semver-parser",
 "serde",
]

[[package]]
name = "semver-parser"
version = "0.7.0"
source = "registry+https://github.com/rust-lang/crates.io-index"
checksum = "388a1df253eca08550bef6c72392cfe7c30914bf41df5269b68cbd6ff8f570a3"

[[package]]
name = "serde"
version = "1.0.89"
source = "registry+https://github.com/rust-lang/crates.io-index"
checksum = "92514fb95f900c9b5126e32d020f5c6d40564c27a5ea6d1d7d9f157a96623560"
dependencies = [
 "serde_derive",
]

[[package]]
name = "serde_derive"
version = "1.0.89"
source = "registry+https://github.com/rust-lang/crates.io-index"
checksum = "bb6eabf4b5914e88e24eea240bb7c9f9a2cbc1bbbe8d961d381975ec3c6b806c"
dependencies = [
 "proc-macro2",
 "quote",
 "syn",
]

[[package]]
name = "serde_ignored"
version = "0.0.4"
source = "registry+https://github.com/rust-lang/crates.io-index"
checksum = "190e9765dcedb56be63b6e0993a006c7e3b071a016a304736e4a315dc01fb142"
dependencies = [
 "serde",
]

[[package]]
name = "serde_json"
version = "1.0.39"
source = "registry+https://github.com/rust-lang/crates.io-index"
checksum = "5a23aa71d4a4d43fdbfaac00eff68ba8a06a51759a89ac3304323e800c4dd40d"
dependencies = [
 "itoa",
 "ryu",
 "serde",
]

[[package]]
name = "shell-escape"
version = "0.1.4"
source = "registry+https://github.com/rust-lang/crates.io-index"
checksum = "170a13e64f2a51b77a45702ba77287f5c6829375b04a69cf2222acd17d0cfab9"

[[package]]
name = "smallvec"
version = "0.6.9"
source = "registry+https://github.com/rust-lang/crates.io-index"
checksum = "c4488ae950c49d403731982257768f48fada354a5203fe81f9bb6f43ca9002be"

[[package]]
name = "socket2"
version = "0.3.8"
source = "registry+https://github.com/rust-lang/crates.io-index"
checksum = "c4d11a52082057d87cb5caa31ad812f4504b97ab44732cd8359df2e9ff9f48e7"
dependencies = [
 "cfg-if",
 "libc",
 "redox_syscall",
 "winapi 0.3.6",
]

[[package]]
name = "stable_deref_trait"
version = "1.1.1"
source = "registry+https://github.com/rust-lang/crates.io-index"
checksum = "dba1a27d3efae4351c8051072d619e3ade2820635c3958d826bfea39d59b54c8"

[[package]]
name = "strsim"
version = "0.7.0"
source = "registry+https://github.com/rust-lang/crates.io-index"
checksum = "bb4f380125926a99e52bc279241539c018323fab05ad6368b56f93d9369ff550"

[[package]]
name = "structopt"
version = "0.2.15"
source = "registry+https://github.com/rust-lang/crates.io-index"
checksum = "3d0760c312538987d363c36c42339b55f5ee176ea8808bbe4543d484a291c8d1"
dependencies = [
 "clap",
 "structopt-derive",
]

[[package]]
name = "structopt-derive"
version = "0.2.15"
source = "registry+https://github.com/rust-lang/crates.io-index"
checksum = "528aeb7351d042e6ffbc2a6fb76a86f9b622fdf7c25932798e7a82cb03bc94c6"
dependencies = [
 "heck",
 "proc-macro2",
 "quote",
 "syn",
]

[[package]]
name = "syn"
version = "0.15.30"
source = "registry+https://github.com/rust-lang/crates.io-index"
checksum = "66c8865bf5a7cbb662d8b011950060b3c8743dca141b054bf7195b20d314d8e2"
dependencies = [
 "proc-macro2",
 "quote",
 "unicode-xid",
]

[[package]]
name = "synstructure"
version = "0.10.1"
source = "registry+https://github.com/rust-lang/crates.io-index"
checksum = "73687139bf99285483c96ac0add482c3776528beac1d97d444f6e91f203a2015"
dependencies = [
 "proc-macro2",
 "quote",
 "syn",
 "unicode-xid",
]

[[package]]
name = "tar"
version = "0.4.22"
source = "registry+https://github.com/rust-lang/crates.io-index"
checksum = "c2167ff53da2a661702b3299f71a91b61b1dffef36b4b2884b1f9c67254c0133"
dependencies = [
 "filetime",
 "libc",
 "redox_syscall",
]

[[package]]
name = "tempfile"
version = "2.2.0"
source = "registry+https://github.com/rust-lang/crates.io-index"
checksum = "11ce2fe9db64b842314052e2421ac61a73ce41b898dc8e3750398b219c5fc1e0"
dependencies = [
 "kernel32-sys",
 "libc",
 "rand 0.3.23",
 "redox_syscall",
 "winapi 0.2.8",
]

[[package]]
name = "tempfile"
version = "3.0.7"
source = "registry+https://github.com/rust-lang/crates.io-index"
checksum = "b86c784c88d98c801132806dadd3819ed29d8600836c4088e855cdf3e178ed8a"
dependencies = [
 "cfg-if",
 "libc",
 "rand 0.6.5",
 "redox_syscall",
 "remove_dir_all",
 "winapi 0.3.6",
]

[[package]]
name = "termcolor"
version = "1.0.4"
source = "registry+https://github.com/rust-lang/crates.io-index"
checksum = "4096add70612622289f2fdcdbd5086dc81c1e2675e6ae58d6c4f62a16c6d7f2f"
dependencies = [
 "wincolor",
]

[[package]]
name = "termion"
version = "1.5.1"
source = "registry+https://github.com/rust-lang/crates.io-index"
checksum = "689a3bdfaab439fd92bc87df5c4c78417d3cbe537487274e9b0b2dce76e92096"
dependencies = [
 "libc",
 "redox_syscall",
 "redox_termios",
]

[[package]]
name = "termios"
version = "0.3.1"
source = "registry+https://github.com/rust-lang/crates.io-index"
checksum = "72b620c5ea021d75a735c943269bb07d30c9b77d6ac6b236bc8b5c496ef05625"
dependencies = [
 "libc",
]

[[package]]
name = "textwrap"
version = "0.10.0"
source = "registry+https://github.com/rust-lang/crates.io-index"
checksum = "307686869c93e71f94da64286f9a9524c0f308a9e1c87a583de8e9c9039ad3f6"
dependencies = [
 "unicode-width",
]

[[package]]
name = "thread_local"
version = "0.3.6"
source = "registry+https://github.com/rust-lang/crates.io-index"
checksum = "c6b53e329000edc2b34dbe8545fd20e55a333362d0a321909685a19bd28c3f1b"
dependencies = [
 "lazy_static 1.3.0",
]

[[package]]
name = "time"
version = "0.1.42"
source = "registry+https://github.com/rust-lang/crates.io-index"
checksum = "db8dcfca086c1143c9270ac42a2bbd8a7ee477b78ac8e45b19abfb0cbede4b6f"
dependencies = [
 "libc",
 "redox_syscall",
 "winapi 0.3.6",
]

[[package]]
name = "toml"
version = "0.4.10"
source = "registry+https://github.com/rust-lang/crates.io-index"
checksum = "758664fc71a3a69038656bee8b6be6477d2a6c315a6b81f7081f591bffa4111f"
dependencies = [
 "serde",
]

[[package]]
name = "ucd-util"
version = "0.1.3"
source = "registry+https://github.com/rust-lang/crates.io-index"
checksum = "535c204ee4d8434478593480b8f86ab45ec9aae0e83c568ca81abf0fd0e88f86"

[[package]]
name = "unicode-bidi"
version = "0.3.4"
source = "registry+https://github.com/rust-lang/crates.io-index"
checksum = "49f2bd0c6468a8230e1db229cff8029217cf623c767ea5d60bfbd42729ea54d5"
dependencies = [
 "matches",
]

[[package]]
name = "unicode-normalization"
version = "0.1.8"
source = "registry+https://github.com/rust-lang/crates.io-index"
checksum = "141339a08b982d942be2ca06ff8b076563cbe223d1befd5450716790d44e2426"
dependencies = [
 "smallvec",
]

[[package]]
name = "unicode-segmentation"
version = "1.2.1"
source = "registry+https://github.com/rust-lang/crates.io-index"
checksum = "aa6024fc12ddfd1c6dbc14a80fa2324d4568849869b779f6bd37e5e4c03344d1"

[[package]]
name = "unicode-width"
version = "0.1.5"
source = "registry+https://github.com/rust-lang/crates.io-index"
checksum = "882386231c45df4700b275c7ff55b6f3698780a650026380e72dabe76fa46526"

[[package]]
name = "unicode-xid"
version = "0.1.0"
source = "registry+https://github.com/rust-lang/crates.io-index"
checksum = "fc72304796d0818e357ead4e000d19c9c174ab23dc11093ac919054d20a6a7fc"

[[package]]
name = "url"
version = "1.7.2"
source = "registry+https://github.com/rust-lang/crates.io-index"
checksum = "dd4e7c0d531266369519a4aa4f399d748bd37043b00bde1e4ff1f60a120b355a"
dependencies = [
 "idna",
 "matches",
 "percent-encoding",
]

[[package]]
name = "utf8-ranges"
version = "1.0.2"
source = "registry+https://github.com/rust-lang/crates.io-index"
checksum = "796f7e48bef87609f7ade7e06495a87d5cd06c7866e6a5cbfceffc558a243737"

[[package]]
name = "vcpkg"
version = "0.2.6"
source = "registry+https://github.com/rust-lang/crates.io-index"
checksum = "def296d3eb3b12371b2c7d0e83bfe1403e4db2d7a0bba324a12b21c4ee13143d"

[[package]]
name = "vec_map"
version = "0.8.1"
source = "registry+https://github.com/rust-lang/crates.io-index"
checksum = "05c78687fb1a80548ae3250346c3db86a80a7cdd77bda190189f2d0a0987c81a"

[[package]]
name = "walkdir"
version = "2.2.7"
source = "registry+https://github.com/rust-lang/crates.io-index"
checksum = "9d9d7ed3431229a144296213105a390676cc49c9b6a72bd19f3176c98e129fa1"
dependencies = [
 "same-file",
 "winapi 0.3.6",
 "winapi-util",
]

[[package]]
name = "wasm-bindgen"
version = "0.2.40"
source = "registry+https://github.com/rust-lang/crates.io-index"
checksum = "9742fc4860f47bede1090a5e4b0cfc33afcd70cfdf45dd28f2cfb02d4662b0dd"
dependencies = [
 "wasm-bindgen-macro",
]

[[package]]
name = "wasm-bindgen-backend"
version = "0.2.40"
source = "registry+https://github.com/rust-lang/crates.io-index"
checksum = "c6d7f35ecbb4180513cdb9b298543321bcb278670730415cbb3205ff2c66a477"
dependencies = [
 "bumpalo",
 "lazy_static 1.3.0",
 "log",
 "proc-macro2",
 "quote",
 "syn",
 "wasm-bindgen-shared",
]

[[package]]
name = "wasm-bindgen-macro"
version = "0.2.40"
source = "registry+https://github.com/rust-lang/crates.io-index"
checksum = "e3c86b06bcd28e92e87d2c2ad208889b2f69ea33f79810b91ef660cc3de65a4c"
dependencies = [
 "quote",
 "wasm-bindgen-macro-support",
]

[[package]]
name = "wasm-bindgen-macro-support"
version = "0.2.40"
source = "registry+https://github.com/rust-lang/crates.io-index"
checksum = "81d7338dd8c67e193d8ef18e5802dc03d8710456baa792c1c2e66847e57fd389"
dependencies = [
 "proc-macro2",
 "quote",
 "syn",
 "wasm-bindgen-backend",
 "wasm-bindgen-shared",
]

[[package]]
name = "wasm-bindgen-shared"
version = "0.2.40"
source = "registry+https://github.com/rust-lang/crates.io-index"
checksum = "0d57c3b66f2f3e4d96b50f49b7b7e2f4cfcddc88b15744433c98c5c105b26672"

[[package]]
name = "wasm-hello"
version = "0.1.0"
dependencies = [
 "cargo-generate",
 "wasm-bindgen",
]

[[package]]
name = "winapi"
version = "0.2.8"
source = "registry+https://github.com/rust-lang/crates.io-index"
checksum = "167dc9d6949a9b857f3451275e911c3f44255842c1f7a76f33c55103a909087a"

[[package]]
name = "winapi"
version = "0.3.6"
source = "registry+https://github.com/rust-lang/crates.io-index"
checksum = "92c1eb33641e276cfa214a0522acad57be5c56b10cb348b3c5117db75f3ac4b0"
dependencies = [
 "winapi-i686-pc-windows-gnu",
 "winapi-x86_64-pc-windows-gnu",
]

[[package]]
name = "winapi-build"
version = "0.1.1"
source = "registry+https://github.com/rust-lang/crates.io-index"
checksum = "2d315eee3b34aca4797b2da6b13ed88266e6d612562a0c46390af8299fc699bc"

[[package]]
name = "winapi-i686-pc-windows-gnu"
version = "0.4.0"
source = "registry+https://github.com/rust-lang/crates.io-index"
checksum = "ac3b87c63620426dd9b991e5ce0329eff545bccbbb34f3be09ff6fb6ab51b7b6"

[[package]]
name = "winapi-util"
version = "0.1.2"
source = "registry+https://github.com/rust-lang/crates.io-index"
checksum = "7168bab6e1daee33b4557efd0e95d5ca70a03706d39fa5f3fe7a236f584b03c9"
dependencies = [
 "winapi 0.3.6",
]

[[package]]
name = "winapi-x86_64-pc-windows-gnu"
version = "0.4.0"
source = "registry+https://github.com/rust-lang/crates.io-index"
checksum = "712e227841d057c1ee1cd2fb22fa7e5a5461ae8e48fa2ca79ec42cfc1931183f"

[[package]]
name = "wincolor"
version = "1.0.1"
source = "registry+https://github.com/rust-lang/crates.io-index"
checksum = "561ed901ae465d6185fa7864d63fbd5720d0ef718366c9a4dc83cf6170d7e9ba"
dependencies = [
 "winapi 0.3.6",
 "winapi-util",
]
